
Microsoft Visual Studio Solution File, Format Version 12.00
Project("{FAE04EC0-301F-11D3-BF4B-00C04F79EFBC}") = "BTVN-1", "BTVN-1.csproj", "{025AC28A-B634-4AFF-9628-766BE231BB0C}"
EndProject
Global
	GlobalSection(SolutionConfigurationPlatforms) = preSolution
		Debug|Any CPU = Debug|Any CPU
		Release|Any CPU = Release|Any CPU
	EndGlobalSection
	GlobalSection(ProjectConfigurationPlatforms) = postSolution
		{025AC28A-B634-4AFF-9628-766BE231BB0C}.Debug|Any CPU.ActiveCfg = Debug|Any CPU
		{025AC28A-B634-4AFF-9628-766BE231BB0C}.Debug|Any CPU.Build.0 = Debug|Any CPU
		{025AC28A-B634-4AFF-9628-766BE231BB0C}.Release|Any CPU.ActiveCfg = Release|Any CPU
		{025AC28A-B634-4AFF-9628-766BE231BB0C}.Release|Any CPU.Build.0 = Release|Any CPU
	EndGlobalSection
EndGlobal
